# THIS IS AN AUTOGENERATED FILE. DO NOT EDIT THIS FILE DIRECTLY.
# yarn lockfile v1


"@types/bluebird@^3.5.26":
  version "3.5.27"
  resolved "https://registry.yarnpkg.com/@types/bluebird/-/bluebird-3.5.27.tgz#61eb4d75dc6bfbce51cf49ee9bbebe941b2cb5d0"
  integrity sha512-6BmYWSBea18+tSjjSC3QIyV93ZKAeNWGM7R6aYt1ryTZXrlHF+QLV0G2yV0viEGVyRkyQsWfMoJ0k/YghBX5sQ==

"@types/d3-dsv@^1.0.33":
  version "1.0.36"
  resolved "https://registry.yarnpkg.com/@types/d3-dsv/-/d3-dsv-1.0.36.tgz#e91129d7c02b1b814838d001e921e8b9a67153d0"
  integrity sha512-jbIWQ27QJcBNMZbQv0NSQMHnBDCmxghAxePxgyiPH1XPCRkOsTBei7jcdi3fDrUCGpCV3lKrSZFSlOkhUQVClA==

"@types/json5@0.0.30":
  version "0.0.30"
  resolved "https://registry.yarnpkg.com/@types/json5/-/json5-0.0.30.tgz#44cb52f32a809734ca562e685c6473b5754a7818"
  integrity sha512-sqm9g7mHlPY/43fcSNrCYfOeX9zkTTK+euO5E6+CVijSMm5tTjkVdwdqRkY3ljjIAf8679vps5jKUoJBCLsMDA==

"@types/jsonwebtoken@^7.2.8":
  version "7.2.8"
  resolved "https://registry.yarnpkg.com/@types/jsonwebtoken/-/jsonwebtoken-7.2.8.tgz#8d199dab4ddb5bba3234f8311b804d2027af2b3a"
  integrity sha512-XENN3YzEB8D6TiUww0O8SRznzy1v+77lH7UmuN54xq/IHIsyWjWOzZuFFTtoiRuaE782uAoRwBe/wwow+vQXZw==
  dependencies:
    "@types/node" "*"

"@types/lodash@^4.14.116":
  version "4.14.136"
  resolved "https://registry.yarnpkg.com/@types/lodash/-/lodash-4.14.136.tgz#413e85089046b865d960c9ff1d400e04c31ab60f"
  integrity sha512-0GJhzBdvsW2RUccNHOBkabI8HZVdOXmXbXhuKlDEd5Vv12P7oAVGfomGp3Ne21o5D/qu1WmthlNKFaoZJJeErA==

"@types/luxon@^1.2.2":
  version "1.15.2"
  resolved "https://registry.yarnpkg.com/@types/luxon/-/luxon-1.15.2.tgz#528f11f7d6dc08cec0445d4bea8065a5bb6989b2"
  integrity sha512-zHPoyVrLvNaiMRYdhmh88Rn489ZgAgbc6iLxR5Yi0VCNfeNYHcszbhJV2vDHLNrVGy35BPtWBRn4OP2F9BBvFw==

"@types/mathjs@^4.4.1":
  version "4.4.5"
  resolved "https://registry.yarnpkg.com/@types/mathjs/-/mathjs-4.4.5.tgz#b28d46919c68b93bcabf0551729624b302af9b4b"
  integrity sha512-Z9XyD6ORkE/dTwCGQ4htXaB8D/OkcRhQy4EtEvJ6lRmbgcYoS2q3CAMoB3s2mgQZmyQy85gtJcfbCz85LV1w+Q==
  dependencies:
    decimal.js "^10.0.0"

"@types/mocha@^5.2.5":
  version "5.2.7"
  resolved "https://registry.yarnpkg.com/@types/mocha/-/mocha-5.2.7.tgz#315d570ccb56c53452ff8638738df60726d5b6ea"
  integrity sha512-NYrtPht0wGzhwe9+/idPaBB+TqkY9AhTvOLMkThm0IoEfLaiVQZwBwyJ5puCkO3AUCWrmcoePjp2mbFocKy4SQ==

"@types/ms@^0.7.30":
  version "0.7.30"
  resolved "https://registry.yarnpkg.com/@types/ms/-/ms-0.7.30.tgz#f6c38b7ecbbf698b0bbd138315a0f0f18954f85f"
  integrity sha512-OftRLCgAzJP7vmKn9by/GVjnf4hloz/pXNOwPo0vKGAfXI7GqWXJi9N2kRar4cP5s1dGwuwcagWqO6iHBTq1Mg==

"@types/node@*":
  version "11.11.4"
  resolved "https://registry.yarnpkg.com/@types/node/-/node-11.11.4.tgz#8808bd5a82bbf6f5d412eff1c228d178e7c24bb3"
  integrity sha512-02tIL+QIi/RW4E5xILdoAMjeJ9kYq5t5S2vciUdFPXv/ikFTb0zK8q9vXkg4+WAJuYXGiVT1H28AkD2C+IkXVw==

"@types/source-map-support@^0.4.1":
  version "0.4.2"
  resolved "https://registry.yarnpkg.com/@types/source-map-support/-/source-map-support-0.4.2.tgz#5b9f4502183430511bb90e84a6e4bf4214e55a67"
  integrity sha512-GbGWx39O8NdUHSChdrU0XeigBAgu1Teg3llwE0slSVcH2qISaQT70ftAiH+h4HIt3VIObFU34PSpXIKJuXCybQ==
  dependencies:
    "@types/node" "*"

"@types/strip-ansi@^3.0.0":
  version "3.0.0"
  resolved "https://registry.yarnpkg.com/@types/strip-ansi/-/strip-ansi-3.0.0.tgz#9b63d453a6b54aa849182207711a08be8eea48ae"
  integrity sha1-m2PUU6a1SqhJGCIHcRoIvo7qSK4=

aguid@^2.0.0:
  version "2.0.0"
  resolved "https://registry.yarnpkg.com/aguid/-/aguid-2.0.0.tgz#64bc264870dedf0eb9c72bddb53e5b30d32bc229"
  integrity sha1-ZLwmSHDe3w65xyvdtT5bMNMrwik=
  dependencies:
    uuid "^3.0.1"

ansi-regex@^4.1.0:
  version "4.1.0"
  resolved "https://registry.yarnpkg.com/ansi-regex/-/ansi-regex-4.1.0.tgz#8b9f8f08cf1acb843756a839ca8c7e3168c51997"
  integrity sha512-1apePfXM1UOSqw0o9IiFAovVz9M5S1Dg+4TrDwfMewQ6p/rmMueb7tWZjQ1rx4Loy1ArBggoqGpfqqdI4rondg==

ansi-styles@^3.2.1:
  version "3.2.1"
  resolved "https://registry.yarnpkg.com/ansi-styles/-/ansi-styles-3.2.1.tgz#41fbb20243e50b12be0f04b8dedbf07520ce841d"
  integrity sha512-VT0ZI6kZRdTh8YyJw3SMbYm/u+NqfsAxEpWO0Pf9sq8/e94WxxOpPKx9FR1FlyCtOVDNOQ+8ntlqFxiRc+r5qA==
  dependencies:
    color-convert "^1.9.0"

axios@^0.18.0:
  version "0.18.1"
  resolved "https://registry.yarnpkg.com/axios/-/axios-0.18.1.tgz#ff3f0de2e7b5d180e757ad98000f1081b87bcea3"
  integrity sha512-0BfJq4NSfQXd+SkFdrvFbG7addhYSBA2mQwISr46pD6E5iqkWg02RAs8vyTT/j0RTnoYmeXauBuSv1qKwR179g==
  dependencies:
    follow-redirects "1.5.10"
    is-buffer "^2.0.2"

base64url@^3.0.0:
  version "3.0.1"
  resolved "https://registry.yarnpkg.com/base64url/-/base64url-3.0.1.tgz#6399d572e2bc3f90a9a8b22d5dbb0a32d33f788d"
  integrity sha512-ir1UPr3dkwexU7FdV8qBBbNDRUhMmIekYMFZfi+C/sLNnRESKPl23nB9b2pltqfOQNnGzsDdId90AEtG5tCx4A==

bluebird-retry@^0.11.0:
  version "0.11.0"
  resolved "https://registry.yarnpkg.com/bluebird-retry/-/bluebird-retry-0.11.0.tgz#1289ab22cbbc3a02587baad35595351dd0c1c047"
  integrity sha1-EomrIsu8OgJYe6rTVZU1HdDBwEc=

bluebird@^3.5.2:
  version "3.5.5"
  resolved "https://registry.yarnpkg.com/bluebird/-/bluebird-3.5.5.tgz#a8d0afd73251effbbd5fe384a77d73003c17a71f"
  integrity sha512-5am6HnnfN+urzt4yfg7IgTbotDjIT/u8AJpEt0sIU9FtXfVeezXAPKswrG+xKUCOYAINpSdgZVDU6QFh+cuH3w==

buffer-equal-constant-time@1.0.1:
  version "1.0.1"
  resolved "https://registry.yarnpkg.com/buffer-equal-constant-time/-/buffer-equal-constant-time-1.0.1.tgz#f8e71132f7ffe6e01a5c9697a4c6f3e48d5cc819"
  integrity sha1-+OcRMvf/5uAaXJaXpMbz5I1cyBk=

buffer-from@^1.0.0:
  version "1.1.1"
  resolved "https://registry.yarnpkg.com/buffer-from/-/buffer-from-1.1.1.tgz#32713bc028f75c02fdb710d7c7bcec1f2c6070ef"
  integrity sha512-MQcXEUbCKtEo7bhqEs6560Hyd4XaovZlO/k9V3hjVUF/zwW7KBVdSK4gIt/bzwS9MbR5qob+F5jusZsb0YQK2A==

chalk@^2.4.1:
  version "2.4.2"
  resolved "https://registry.yarnpkg.com/chalk/-/chalk-2.4.2.tgz#cd42541677a54333cf541a49108c1432b44c9424"
  integrity sha512-Mti+f9lpJNcwF4tWV8/OrTTtF1gZi+f8FqlyAdouralcFWFQWF2+NgCHShjkCb+IFBLq9buZwE1xckQU4peSuQ==
  dependencies:
    ansi-styles "^3.2.1"
    escape-string-regexp "^1.0.5"
    supports-color "^5.3.0"

color-convert@^1.9.0:
  version "1.9.3"
  resolved "https://registry.yarnpkg.com/color-convert/-/color-convert-1.9.3.tgz#bb71850690e1f136567de629d2d5471deda4c1e8"
  integrity sha512-QfAUtd+vFdAtFQcC8CCyYt1fYWxSqAiK2cSD6zDB8N3cpsEBAvRxp9zOGg6G/SHHJYAT88/az/IuDGALsNVbGg==
  dependencies:
    color-name "1.1.3"

color-name@1.1.3:
  version "1.1.3"
  resolved "https://registry.yarnpkg.com/color-name/-/color-name-1.1.3.tgz#a7d0558bd89c42f795dd42328f740831ca53bc25"
  integrity sha1-p9BVi9icQveV3UIyj3QIMcpTvCU=

commander@2:
  version "2.19.0"
  resolved "https://registry.yarnpkg.com/commander/-/commander-2.19.0.tgz#f6198aa84e5b83c46054b94ddedbfed5ee9ff12a"
  integrity sha512-6tvAOO+D6OENvRAh524Dh9jcfKTYDQAqvqezbCW82xj5X0pSrcpxtvRKHLG0yBY6SD7PSDrJaj+0AiOcKVd1Xg==

complex.js@2.0.11:
  version "2.0.11"
  resolved "https://registry.yarnpkg.com/complex.js/-/complex.js-2.0.11.tgz#09a873fbf15ffd8c18c9c2201ccef425c32b8bf1"
  integrity sha512-6IArJLApNtdg1P1dFtn3dnyzoZBEF0MwMnrfF1exSBRpZYoy4yieMkpZhQDC0uwctw48vii0CFVyHfpgZ/DfGw==

d3-dsv@^1.0.10:
  version "1.1.1"
  resolved "https://registry.yarnpkg.com/d3-dsv/-/d3-dsv-1.1.1.tgz#aaa830ecb76c4b5015572c647cc6441e3c7bb701"
  integrity sha512-1EH1oRGSkeDUlDRbhsFytAXU6cAmXFzc52YUe6MRlPClmWb85MP1J5x+YJRzya4ynZWnbELdSAvATFW/MbxaXw==
  dependencies:
    commander "2"
    iconv-lite "0.4"
    rw "1"

debug@=3.1.0:
  version "3.1.0"
  resolved "https://registry.yarnpkg.com/debug/-/debug-3.1.0.tgz#5bb5a0672628b64149566ba16819e61518c67261"
  integrity sha512-OX8XqP7/1a9cqkxYw2yXss15f26NKWBpDXQd0/uK/KPqdQhxbPa994hnzjcE2VqQpDslf55723cKPUOGSmMY3g==
  dependencies:
    ms "2.0.0"

decimal.js@10.2.0:
  version "10.2.0"
  resolved "https://registry.yarnpkg.com/decimal.js/-/decimal.js-10.2.0.tgz#39466113a9e036111d02f82489b5fd6b0b5ed231"
  integrity sha512-vDPw+rDgn3bZe1+F/pyEwb1oMG2XTlRVgAa6B4KccTEpYgF8w6eQllVbQcfIJnZyvzFtFpxnpGtx8dd7DJp/Rw==

decimal.js@^10.0.0:
  version "10.1.1"
  resolved "https://registry.yarnpkg.com/decimal.js/-/decimal.js-10.1.1.tgz#fb541922a2e8fc618f5e6fbb474e281ed3d2a64c"
  integrity sha512-vEEgyk1fWVEnv7lPjkNedAIjzxQDue5Iw4FeX4UkNUDSVyD/jZTD0Bw2kAO7k6iyyJRAhM9oxxI0D1ET6k0Mmg==

ecdsa-sig-formatter@1.0.11:
  version "1.0.11"
  resolved "https://registry.yarnpkg.com/ecdsa-sig-formatter/-/ecdsa-sig-formatter-1.0.11.tgz#ae0f0fa2d85045ef14a817daa3ce9acd0489e5bf"
  integrity sha512-nagl3RYrbNv6kQkeJIpt6NJZy8twLB/2vtz6yN9Z4vRKHN4/QZJIEbqohALSgwKdnksuY3k5Addp5lg8sVoVcQ==
  dependencies:
    safe-buffer "^5.0.1"

escape-latex@1.2.0:
  version "1.2.0"
  resolved "https://registry.yarnpkg.com/escape-latex/-/escape-latex-1.2.0.tgz#07c03818cf7dac250cce517f4fda1b001ef2bca1"
  integrity sha512-nV5aVWW1K0wEiUIEdZ4erkGGH8mDxGyxSeqPzRNtWP7ataw+/olFObw7hujFWlVjNsaDFw5VZ5NzVSIqRgfTiw==

escape-string-regexp@^1.0.5:
  version "1.0.5"
  resolved "https://registry.yarnpkg.com/escape-string-regexp/-/escape-string-regexp-1.0.5.tgz#1b61c0562190a8dff6ae3bb2cf0200ca130b86d4"
  integrity sha1-G2HAViGQqN/2rjuyzwIAyhMLhtQ=

follow-redirects@1.5.10:
  version "1.5.10"
  resolved "https://registry.yarnpkg.com/follow-redirects/-/follow-redirects-1.5.10.tgz#7b7a9f9aea2fdff36786a94ff643ed07f4ff5e2a"
  integrity sha512-0V5l4Cizzvqt5D44aTXbFZz+FtyXV1vrDN6qrelxtfYQKW0KO0W2T/hkE8xvGa/540LkZlkaUjO4ailYTFtHVQ==
  dependencies:
    debug "=3.1.0"

fraction.js@4.0.12:
  version "4.0.12"
  resolved "https://registry.yarnpkg.com/fraction.js/-/fraction.js-4.0.12.tgz#0526d47c65a5fb4854df78bc77f7bec708d7b8c3"
  integrity sha512-8Z1K0VTG4hzYY7kA/1sj4/r1/RWLBD3xwReT/RCrUCbzPszjNQCCsy3ktkU/eaEqX3MYa4pY37a52eiBlPMlhA==

has-flag@^3.0.0:
  version "3.0.0"
  resolved "https://registry.yarnpkg.com/has-flag/-/has-flag-3.0.0.tgz#b5d454dc2199ae225699f3467e5a07f3b955bafd"
  integrity sha1-tdRU3CGZriJWmfNGfloH87lVuv0=

iconv-lite@0.4:
  version "0.4.24"
  resolved "https://registry.yarnpkg.com/iconv-lite/-/iconv-lite-0.4.24.tgz#2022b4b25fbddc21d2f524974a474aafe733908b"
  integrity sha512-v3MXnZAcvnywkTUEZomIActle7RXXeedOR31wwl7VlyoXO4Qi9arvSenNQWne1TcRwhCL1HwLI21bEqdpj8/rA==
  dependencies:
    safer-buffer ">= 2.1.2 < 3"

is-buffer@^2.0.2:
  version "2.0.3"
  resolved "https://registry.yarnpkg.com/is-buffer/-/is-buffer-2.0.3.tgz#4ecf3fcf749cbd1e472689e109ac66261a25e725"
  integrity sha512-U15Q7MXTuZlrbymiz95PJpZxu8IlipAp4dtS3wOdgPXx3mqBnslrWU14kxfHB+Py/+2PVKSr37dMAgM2A4uArw==

javascript-natural-sort@0.7.1:
  version "0.7.1"
  resolved "https://registry.yarnpkg.com/javascript-natural-sort/-/javascript-natural-sort-0.7.1.tgz#f9e2303d4507f6d74355a73664d1440fb5a0ef59"
  integrity sha1-+eIwPUUH9tdDVac2ZNFED7Wg71k=

json5@^2.0.1:
  version "2.1.0"
  resolved "https://registry.yarnpkg.com/json5/-/json5-2.1.0.tgz#e7a0c62c48285c628d20a10b85c89bb807c32850"
  integrity sha512-8Mh9h6xViijj36g7Dxi+Y4S6hNGV96vcJZr/SrlHh1LR/pEn/8j/+qIBbs44YKl69Lrfctp4QD+AdWLTMqEZAQ==
  dependencies:
    minimist "^1.2.0"

jsonwebtoken@^8.3.0:
  version "8.5.1"
  resolved "https://registry.yarnpkg.com/jsonwebtoken/-/jsonwebtoken-8.5.1.tgz#00e71e0b8df54c2121a1f26137df2280673bcc0d"
  integrity sha512-XjwVfRS6jTMsqYs0EsuJ4LGxXV14zQybNd4L2r0UvbVnSF9Af8x7p5MzbJ90Ioz/9TI41/hTCvznF/loiSzn8w==
  dependencies:
    jws "^3.2.2"
    lodash.includes "^4.3.0"
    lodash.isboolean "^3.0.3"
    lodash.isinteger "^4.0.4"
    lodash.isnumber "^3.0.3"
    lodash.isplainobject "^4.0.6"
    lodash.isstring "^4.0.1"
    lodash.once "^4.0.0"
    ms "^2.1.1"
    semver "^5.6.0"

jwa@^1.4.1:
  version "1.4.1"
  resolved "https://registry.yarnpkg.com/jwa/-/jwa-1.4.1.tgz#743c32985cb9e98655530d53641b66c8645b039a"
  integrity sha512-qiLX/xhEEFKUAJ6FiBMbes3w9ATzyk5W7Hvzpa/SLYdxNtng+gcurvrI7TbACjIXlsJyr05/S1oUhZrc63evQA==
  dependencies:
    buffer-equal-constant-time "1.0.1"
    ecdsa-sig-formatter "1.0.11"
    safe-buffer "^5.0.1"

jws@^3.2.2:
  version "3.2.2"
  resolved "https://registry.yarnpkg.com/jws/-/jws-3.2.2.tgz#001099f3639468c9414000e99995fa52fb478304"
  integrity sha512-YHlZCB6lMTllWDtSPHz/ZXTsi8S00usEV6v1tjq8tOUZzw7DpSDWVXjXDre6ed1w/pd495ODpHZYSdkRTsa0HA==
  dependencies:
    jwa "^1.4.1"
    safe-buffer "^5.0.1"

lodash.includes@^4.3.0:
  version "4.3.0"
  resolved "https://registry.yarnpkg.com/lodash.includes/-/lodash.includes-4.3.0.tgz#60bb98a87cb923c68ca1e51325483314849f553f"
  integrity sha1-YLuYqHy5I8aMoeUTJUgzFISfVT8=

lodash.isboolean@^3.0.3:
  version "3.0.3"
  resolved "https://registry.yarnpkg.com/lodash.isboolean/-/lodash.isboolean-3.0.3.tgz#6c2e171db2a257cd96802fd43b01b20d5f5870f6"
  integrity sha1-bC4XHbKiV82WgC/UOwGyDV9YcPY=

lodash.isinteger@^4.0.4:
  version "4.0.4"
  resolved "https://registry.yarnpkg.com/lodash.isinteger/-/lodash.isinteger-4.0.4.tgz#619c0af3d03f8b04c31f5882840b77b11cd68343"
  integrity sha1-YZwK89A/iwTDH1iChAt3sRzWg0M=

lodash.isnumber@^3.0.3:
  version "3.0.3"
  resolved "https://registry.yarnpkg.com/lodash.isnumber/-/lodash.isnumber-3.0.3.tgz#3ce76810c5928d03352301ac287317f11c0b1ffc"
  integrity sha1-POdoEMWSjQM1IwGsKHMX8RwLH/w=

lodash.isplainobject@^4.0.6:
  version "4.0.6"
  resolved "https://registry.yarnpkg.com/lodash.isplainobject/-/lodash.isplainobject-4.0.6.tgz#7c526a52d89b45c45cc690b88163be0497f550cb"
  integrity sha1-fFJqUtibRcRcxpC4gWO+BJf1UMs=

lodash.isstring@^4.0.1:
  version "4.0.1"
  resolved "https://registry.yarnpkg.com/lodash.isstring/-/lodash.isstring-4.0.1.tgz#d527dfb5456eca7cc9bb95d5daeaf88ba54a5451"
  integrity sha1-1SfftUVuynzJu5XV2ur4i6VKVFE=

lodash.once@^4.0.0:
  version "4.1.1"
  resolved "https://registry.yarnpkg.com/lodash.once/-/lodash.once-4.1.1.tgz#0dd3971213c7c56df880977d504c88fb471a97ac"
  integrity sha1-DdOXEhPHxW34gJd9UEyI+0cal6w=

lodash@^4.17.10:
  version "4.17.19"
  resolved "https://registry.yarnpkg.com/lodash/-/lodash-4.17.19.tgz#e48ddedbe30b3321783c5b4301fbd353bc1e4a4b"
  integrity sha512-JNvd8XER9GQX0v2qJgsaN/mzFCNA5BRe/j8JN9d+tWyGLSodKQHKFicdwNYzWwI3wjRnaKPsGj1XkBjx/F96DQ==

longjohn@^0.2.12:
  version "0.2.12"
  resolved "https://registry.yarnpkg.com/longjohn/-/longjohn-0.2.12.tgz#7ca7446b083655c377e7512213dc754d52a64a7e"
  integrity sha1-fKdEawg2VcN351EiE9x1TVKmSn4=
  dependencies:
    source-map-support "0.3.2 - 1.0.0"

luxon@^1.3.3:
  version "1.17.2"
  resolved "https://registry.yarnpkg.com/luxon/-/luxon-1.17.2.tgz#95189c450341cfddf5f826ef8c32b5b022943fd5"
  integrity sha512-qELKtIj3HD41N+MvgoxArk8DZGUb4Gpiijs91oi+ZmKJzRlxY6CoyTwNoUwnogCVs4p8HuxVJDik9JbnYgrCng==

mathjs@^5.1.2:
  version "5.10.3"
  resolved "https://registry.yarnpkg.com/mathjs/-/mathjs-5.10.3.tgz#e998885f932ea8886db8b40f7f5b199f89b427f1"
  integrity sha512-ySjg30BC3dYjQm73ILZtwcWzFJde0VU6otkXW/57IjjuYRa3Qaf0Kb8pydEuBZYtqW2OxreAtsricrAmOj3jIw==
  dependencies:
    complex.js "2.0.11"
    decimal.js "10.2.0"
    escape-latex "1.2.0"
    fraction.js "4.0.12"
    javascript-natural-sort "0.7.1"
    seed-random "2.2.0"
    tiny-emitter "2.1.0"
    typed-function "1.1.0"

minimist@^1.2.0:
  version "1.2.0"
  resolved "https://registry.yarnpkg.com/minimist/-/minimist-1.2.0.tgz#a35008b20f41383eec1fb914f4cd5df79a264284"
  integrity sha1-o1AIsg9BOD7sH7kU9M1d95omQoQ=

ms@2.0.0:
  version "2.0.0"
  resolved "https://registry.yarnpkg.com/ms/-/ms-2.0.0.tgz#5608aeadfc00be6c2901df5f9861788de0d597c8"
  integrity sha1-VgiurfwAvmwpAd9fmGF4jeDVl8g=

ms@^2.1.1:
  version "2.1.2"
  resolved "https://registry.yarnpkg.com/ms/-/ms-2.1.2.tgz#d09d1f357b443f493382a8eb3ccd183872ae6009"
  integrity sha512-sGkPx+VjMtmA6MX27oA4FBFELFCZZ4S4XqeGOXCv68tT+jb3vk/RyaKWP0PTKyWtmLSM0b+adUTEvbs1PEaH2w==

rw@1:
  version "1.3.3"
  resolved "https://registry.yarnpkg.com/rw/-/rw-1.3.3.tgz#3f862dfa91ab766b14885ef4d01124bfda074fb4"
  integrity sha1-P4Yt+pGrdmsUiF700BEkv9oHT7Q=

safe-buffer@^5.0.1:
  version "5.1.2"
  resolved "https://registry.yarnpkg.com/safe-buffer/-/safe-buffer-5.1.2.tgz#991ec69d296e0313747d59bdfd2b745c35f8828d"
  integrity sha512-Gd2UZBJDkXlY7GbJxfsE8/nvKkUEU1G38c1siN6QP6a9PT9MmHB8GnpscSmMJSoF8LOIrt8ud/wPtojys4G6+g==

"safer-buffer@>= 2.1.2 < 3":
  version "2.1.2"
  resolved "https://registry.yarnpkg.com/safer-buffer/-/safer-buffer-2.1.2.tgz#44fa161b0187b9549dd84bb91802f9bd8385cd6a"
  integrity sha512-YZo3K82SD7Riyi0E1EQPojLz7kpepnSQI9IyPbHHg1XXXevb5dJI7tpyN2ADxGcQbHG7vcyRHk0cbwqcQriUtg==

seed-random@2.2.0:
  version "2.2.0"
  resolved "https://registry.yarnpkg.com/seed-random/-/seed-random-2.2.0.tgz#2a9b19e250a817099231a5b99a4daf80b7fbed54"
  integrity sha1-KpsZ4lCoFwmSMaW5mk2vgLf77VQ=

semver@^5.6.0:
  version "5.6.0"
  resolved "https://registry.yarnpkg.com/semver/-/semver-5.6.0.tgz#7e74256fbaa49c75aa7c7a205cc22799cac80004"
  integrity sha512-RS9R6R35NYgQn++fkDWaOmqGoj4Ek9gGs+DPxNUZKuwE183xjJroKvyo1IzVFeXvUrvmALy6FWD5xrdJT25gMg==

"source-map-support@0.3.2 - 1.0.0":
  version "0.5.11"
  resolved "https://registry.yarnpkg.com/source-map-support/-/source-map-support-0.5.11.tgz#efac2ce0800355d026326a0ca23e162aeac9a4e2"
  integrity sha512-//sajEx/fGL3iw6fltKMdPvy8kL3kJ2O3iuYlRoT3k9Kb4BjOoZ+BZzaNHeuaruSt+Kf3Zk9tnfAQg9/AJqUVQ==
  dependencies:
    buffer-from "^1.0.0"
    source-map "^0.6.0"

source-map-support@^0.5.9:
  version "0.5.12"
  resolved "https://registry.yarnpkg.com/source-map-support/-/source-map-support-0.5.12.tgz#b4f3b10d51857a5af0138d3ce8003b201613d599"
  integrity sha512-4h2Pbvyy15EE02G+JOZpUCmqWJuqrs+sEkzewTm++BPi7Hvn/HwcqLAcNxYAyI0x13CpPPn+kMjl+hplXMHITQ==
  dependencies:
    buffer-from "^1.0.0"
    source-map "^0.6.0"

source-map@^0.6.0:
  version "0.6.1"
  resolved "https://registry.yarnpkg.com/source-map/-/source-map-0.6.1.tgz#74722af32e9614e9c287a8d0bbde48b5e2f1a263"
  integrity sha512-UjgapumWlbMhkBgzT7Ykc5YXUT46F0iKu8SGXq0bcwP5dz/h0Plj6enJqjz1Zbq2l5WaqYnrVbwWOWMyF3F47g==

strip-ansi@^5.1.0:
  version "5.2.0"
  resolved "https://registry.yarnpkg.com/strip-ansi/-/strip-ansi-5.2.0.tgz#8c9a536feb6afc962bdfa5b104a5091c1ad9c0ae"
  integrity sha512-DuRs1gKbBqsMKIZlrffwlug8MHkcnpjs5VPmL1PAh+mA30U0DTotfDZ0d2UUsXpPmPmMMJ6W773MaA3J+lbiWA==
  dependencies:
    ansi-regex "^4.1.0"

supports-color@^5.3.0:
  version "5.5.0"
  resolved "https://registry.yarnpkg.com/supports-color/-/supports-color-5.5.0.tgz#e2e69a44ac8772f78a1ec0b35b689df6530efc8f"
  integrity sha512-QjVjwdXIt408MIiAqCX4oUKsgU2EqAGzs2Ppkm4aQYbjm+ZEWEcW4SfFNTr4uMNZma0ey4f5lgLrkB0aX0QMow==
  dependencies:
    has-flag "^3.0.0"

tiny-emitter@2.1.0:
  version "2.1.0"
  resolved "https://registry.yarnpkg.com/tiny-emitter/-/tiny-emitter-2.1.0.tgz#1d1a56edfc51c43e863cbb5382a72330e3555423"
  integrity sha512-NB6Dk1A9xgQPMoGqC5CVXn123gWyte215ONT5Pp5a0yt4nlEoO1ZWeCwpncaekPHXO60i47ihFnZPiRPjRMq4Q==

tslib@^1.9.3:
  version "1.10.0"
  resolved "https://registry.yarnpkg.com/tslib/-/tslib-1.10.0.tgz#c3c19f95973fb0a62973fb09d90d961ee43e5c8a"
  integrity sha512-qOebF53frne81cf0S9B41ByenJ3/IuH8yJKngAX35CmiZySA0khhkovshKK+jGCaMnVomla7gVlIcc3EvKPbTQ==

typed-function@1.1.0:
  version "1.1.0"
  resolved "https://registry.yarnpkg.com/typed-function/-/typed-function-1.1.0.tgz#ea149706e0fb42aca1791c053a6d94ccd6c4fdcb"
  integrity sha512-TuQzwiT4DDg19beHam3E66oRXhyqlyfgjHB/5fcvsRXbfmWPJfto9B4a0TBdTrQAPGlGmXh/k7iUI+WsObgORA==

uuid@^3.0.1:
  version "3.3.2"
  resolved "https://registry.yarnpkg.com/uuid/-/uuid-3.3.2.tgz#1b4af4955eb3077c501c23872fc6513811587131"
  integrity sha512-yXJmeNaw3DnnKAOKJE51sL/ZaYfWJRl1pK9dr19YFCu0ObS231AB1/LbqTKRAQ5kw8A90rA6fr4riOUpTZvQZA==
