{
  "name": "@xlib/xlib-browser-webpack-basic",
  "version": "0.0.0",
  "lockfileVersion": 1,
  "requires": true,
  "dependencies": {
    "@rushstack/heft": {
      "version": "0.13.1",
      "dev": true
    },
    "@types/jest": {
      "version": "26.0.13",
      "dev": true
    },
    "@types/node": {
      "version": "14.0.27",
      "dev": true
    },
    "@types/prop-types": {
      "version": "15.7.3",
      "dev": true
    },
    "@types/react": {
      "version": "16.9.49",
      "dev": true,
      "requires": {
        "@types/prop-types": "*"
      }
    },
    "@types/react-dom": {
      "version": "16.9.8",
      "dev": true
    },
    "@types/webpack-env": {
      "version": "1.15.2",
      "dev": true
    },
    "css-loader": {
      "version": "4.3.0",
      "dev": true
    },
    "eslint": {
      "version": "7.9.0",
      "dev": true
    },
    "html-webpack-plugin": {
      "version": "4.4.1",
      "dev": true
    },
    "null-loader": {
      "version": "4.0.0",
      "dev": true
    },
    "react": {
      "version": "16.13.1"
    },
    "react-dom": {
      "version": "16.13.1"
    },
    "source-map-loader": {
      "version": "1.1.0",
      "dev": true
    },
    "style-loader": {
      "version": "1.2.1",
      "dev": true
    },
    "threads-plugin": {
      "version": "1.3.3",
      "dev": true
    },
    "typescript": {
      "version": "4.0.2",
      "dev": true
    },
    "webpack": {
      "version": "4.44.1",
      "dev": true
    }
  }
}
